
Microsoft Visual Studio Solution File, Format Version 12.00
# Visual Studio Version 17
VisualStudioVersion = 17.1.32319.34
MinimumVisualStudioVersion = 10.0.40219.1
Project("{9A19103F-16F7-4668-BE54-9A1E7A4F7556}") = "AndreAirlinesAPI", "AndreAirlinesAPI.csproj", "{B1E8A88D-73A6-4186-895C-7205E66AB271}"
EndProject
Project("{FAE04EC0-301F-11D3-BF4B-00C04F79EFBC}") = "RoboIngestao", "..\RoboIngestao\RoboIngestao.csproj", "{EB99F5B9-A1A8-4920-BCFF-60BB5BFB8F45}"
EndProject
Global
	GlobalSection(SolutionConfigurationPlatforms) = preSolution
		Debug|Any CPU = Debug|Any CPU
		Release|Any CPU = Release|Any CPU
	EndGlobalSection
	GlobalSection(ProjectConfigurationPlatforms) = postSolution
		{B1E8A88D-73A6-4186-895C-7205E66AB271}.Debug|Any CPU.ActiveCfg = Debug|Any CPU
		{B1E8A88D-73A6-4186-895C-7205E66AB271}.Debug|Any CPU.Build.0 = Debug|Any CPU
		{B1E8A88D-73A6-4186-895C-7205E66AB271}.Release|Any CPU.ActiveCfg = Release|Any CPU
		{B1E8A88D-73A6-4186-895C-7205E66AB271}.Release|Any CPU.Build.0 = Release|Any CPU
		{EB99F5B9-A1A8-4920-BCFF-60BB5BFB8F45}.Debug|Any CPU.ActiveCfg = Debug|Any CPU
		{EB99F5B9-A1A8-4920-BCFF-60BB5BFB8F45}.Debug|Any CPU.Build.0 = Debug|Any CPU
		{EB99F5B9-A1A8-4920-BCFF-60BB5BFB8F45}.Release|Any CPU.ActiveCfg = Release|Any CPU
		{EB99F5B9-A1A8-4920-BCFF-60BB5BFB8F45}.Release|Any CPU.Build.0 = Release|Any CPU
	EndGlobalSection
	GlobalSection(SolutionProperties) = preSolution
		HideSolutionNode = FALSE
	EndGlobalSection
	GlobalSection(ExtensibilityGlobals) = postSolution
		SolutionGuid = {6D532F00-5E52-479E-B9F2-08483532D421}
	EndGlobalSection
EndGlobal
